
Microsoft Visual Studio Solution File, Format Version 12.00
# Visual Studio 15
VisualStudioVersion = 15.0.27004.2006
MinimumVisualStudioVersion = 10.0.40219.1
Project("{FAE04EC0-301F-11D3-BF4B-00C04F79EFBC}") = "BluBotCore", "BluBotCore\BluBotCore.csproj", "{B2A7ED00-F739-4084-A5E4-2166ECB57A2F}"
EndProject
Global
	GlobalSection(SolutionConfigurationPlatforms) = preSolution
		Debug|Any CPU = Debug|Any CPU
		Release|Any CPU = Release|Any CPU
	EndGlobalSection
	GlobalSection(ProjectConfigurationPlatforms) = postSolution
		{B2A7ED00-F739-4084-A5E4-2166ECB57A2F}.Debug|Any CPU.ActiveCfg = Debug|Any CPU
		{B2A7ED00-F739-4084-A5E4-2166ECB57A2F}.Debug|Any CPU.Build.0 = Debug|Any CPU
		{B2A7ED00-F739-4084-A5E4-2166ECB57A2F}.Release|Any CPU.ActiveCfg = Release|Any CPU
		{B2A7ED00-F739-4084-A5E4-2166ECB57A2F}.Release|Any CPU.Build.0 = Release|Any CPU
	EndGlobalSection
	GlobalSection(SolutionProperties) = preSolution
		HideSolutionNode = FALSE
	EndGlobalSection
	GlobalSection(ExtensibilityGlobals) = postSolution
		SolutionGuid = {E58F442F-5A98-4EE1-83A6-FB151D51DB7B}
	EndGlobalSection
EndGlobal
